
Microsoft Visual Studio Solution File, Format Version 12.00
# Visual Studio 15
VisualStudioVersion = 15.0.28010.2016
MinimumVisualStudioVersion = 10.0.40219.1
Project("{FAE04EC0-301F-11D3-BF4B-00C04F79EFBC}") = "PapaBobsWebsite", "PapaBobsWebsite\PapaBobsWebsite.csproj", "{36ED71EC-C2EE-4DEA-939B-375F74B85D2F}"
EndProject
Global
	GlobalSection(SolutionConfigurationPlatforms) = preSolution
		Debug|Any CPU = Debug|Any CPU
		Release|Any CPU = Release|Any CPU
	EndGlobalSection
	GlobalSection(ProjectConfigurationPlatforms) = postSolution
		{36ED71EC-C2EE-4DEA-939B-375F74B85D2F}.Debug|Any CPU.ActiveCfg = Debug|Any CPU
		{36ED71EC-C2EE-4DEA-939B-375F74B85D2F}.Debug|Any CPU.Build.0 = Debug|Any CPU
		{36ED71EC-C2EE-4DEA-939B-375F74B85D2F}.Release|Any CPU.ActiveCfg = Release|Any CPU
		{36ED71EC-C2EE-4DEA-939B-375F74B85D2F}.Release|Any CPU.Build.0 = Release|Any CPU
	EndGlobalSection
	GlobalSection(SolutionProperties) = preSolution
		HideSolutionNode = FALSE
	EndGlobalSection
	GlobalSection(ExtensibilityGlobals) = postSolution
		SolutionGuid = {F84A6962-DC11-4BEA-9EBB-2A457406DA36}
	EndGlobalSection
EndGlobal
